
Microsoft Visual Studio Solution File, Format Version 12.00
# Visual Studio Version 17
VisualStudioVersion = 17.7.34031.279
MinimumVisualStudioVersion = 10.0.40219.1
Project("{FAE04EC0-301F-11D3-BF4B-00C04F79EFBC}") = "Personel_Kayit", "Personel_Kayit\Personel_Kayit.csproj", "{0F877579-9426-4329-B2D9-C31C649AF064}"
EndProject
Global
	GlobalSection(SolutionConfigurationPlatforms) = preSolution
		Debug|Any CPU = Debug|Any CPU
		Release|Any CPU = Release|Any CPU
	EndGlobalSection
	GlobalSection(ProjectConfigurationPlatforms) = postSolution
		{0F877579-9426-4329-B2D9-C31C649AF064}.Debug|Any CPU.ActiveCfg = Debug|Any CPU
		{0F877579-9426-4329-B2D9-C31C649AF064}.Debug|Any CPU.Build.0 = Debug|Any CPU
		{0F877579-9426-4329-B2D9-C31C649AF064}.Release|Any CPU.ActiveCfg = Release|Any CPU
		{0F877579-9426-4329-B2D9-C31C649AF064}.Release|Any CPU.Build.0 = Release|Any CPU
	EndGlobalSection
	GlobalSection(SolutionProperties) = preSolution
		HideSolutionNode = FALSE
	EndGlobalSection
	GlobalSection(ExtensibilityGlobals) = postSolution
		SolutionGuid = {B20B2A73-81F1-4B6A-8018-B9F908B69388}
	EndGlobalSection
EndGlobal
